
Microsoft Visual Studio Solution File, Format Version 12.00
# Visual Studio Version 17
VisualStudioVersion = 17.0.31903.59
MinimumVisualStudioVersion = 10.0.40219.1
Project("{2150E333-8FDC-42A3-9474-1A3956D46DE8}") = "src", "src", "{827E0CD3-B72D-47B6-A68D-7590B98EB39B}"
EndProject
Project("{FAE04EC0-301F-11D3-BF4B-00C04F79EFBC}") = "OverlookedConnect.UI.Shared", "src\OverlookedConnect.UI.Shared\OverlookedConnect.UI.Shared.csproj", "{F0FF9387-B92A-4B95-A2BD-3B7AB8455B71}"
EndProject
Project("{FAE04EC0-301F-11D3-BF4B-00C04F79EFBC}") = "OverlookedConnect.PublicWeb", "src\OverlookedConnect.PublicWeb\OverlookedConnect.PublicWeb.csproj", "{C11288F5-1BE7-4B8D-9C17-E0994A800458}"
EndProject
Project("{FAE04EC0-301F-11D3-BF4B-00C04F79EFBC}") = "OverlookedConnect.InternalWeb", "src\OverlookedConnect.InternalWeb\OverlookedConnect.InternalWeb.csproj", "{9C9A6681-24AF-4E97-AC9C-7DE570AD0F4C}"
EndProject
Global
	GlobalSection(SolutionConfigurationPlatforms) = preSolution
		Debug|Any CPU = Debug|Any CPU
		Debug|x64 = Debug|x64
		Debug|x86 = Debug|x86
		Release|Any CPU = Release|Any CPU
		Release|x64 = Release|x64
		Release|x86 = Release|x86
	EndGlobalSection
	GlobalSection(ProjectConfigurationPlatforms) = postSolution
		{F0FF9387-B92A-4B95-A2BD-3B7AB8455B71}.Debug|Any CPU.ActiveCfg = Debug|Any CPU
		{F0FF9387-B92A-4B95-A2BD-3B7AB8455B71}.Debug|Any CPU.Build.0 = Debug|Any CPU
		{F0FF9387-B92A-4B95-A2BD-3B7AB8455B71}.Debug|x64.ActiveCfg = Debug|Any CPU
		{F0FF9387-B92A-4B95-A2BD-3B7AB8455B71}.Debug|x64.Build.0 = Debug|Any CPU
		{F0FF9387-B92A-4B95-A2BD-3B7AB8455B71}.Debug|x86.ActiveCfg = Debug|Any CPU
		{F0FF9387-B92A-4B95-A2BD-3B7AB8455B71}.Debug|x86.Build.0 = Debug|Any CPU
		{F0FF9387-B92A-4B95-A2BD-3B7AB8455B71}.Release|Any CPU.ActiveCfg = Release|Any CPU
		{F0FF9387-B92A-4B95-A2BD-3B7AB8455B71}.Release|Any CPU.Build.0 = Release|Any CPU
		{F0FF9387-B92A-4B95-A2BD-3B7AB8455B71}.Release|x64.ActiveCfg = Release|Any CPU
		{F0FF9387-B92A-4B95-A2BD-3B7AB8455B71}.Release|x64.Build.0 = Release|Any CPU
		{F0FF9387-B92A-4B95-A2BD-3B7AB8455B71}.Release|x86.ActiveCfg = Release|Any CPU
		{F0FF9387-B92A-4B95-A2BD-3B7AB8455B71}.Release|x86.Build.0 = Release|Any CPU
		{C11288F5-1BE7-4B8D-9C17-E0994A800458}.Debug|Any CPU.ActiveCfg = Debug|Any CPU
		{C11288F5-1BE7-4B8D-9C17-E0994A800458}.Debug|Any CPU.Build.0 = Debug|Any CPU
		{C11288F5-1BE7-4B8D-9C17-E0994A800458}.Debug|x64.ActiveCfg = Debug|Any CPU
		{C11288F5-1BE7-4B8D-9C17-E0994A800458}.Debug|x64.Build.0 = Debug|Any CPU
		{C11288F5-1BE7-4B8D-9C17-E0994A800458}.Debug|x86.ActiveCfg = Debug|Any CPU
		{C11288F5-1BE7-4B8D-9C17-E0994A800458}.Debug|x86.Build.0 = Debug|Any CPU
		{C11288F5-1BE7-4B8D-9C17-E0994A800458}.Release|Any CPU.ActiveCfg = Release|Any CPU
		{C11288F5-1BE7-4B8D-9C17-E0994A800458}.Release|Any CPU.Build.0 = Release|Any CPU
		{C11288F5-1BE7-4B8D-9C17-E0994A800458}.Release|x64.ActiveCfg = Release|Any CPU
		{C11288F5-1BE7-4B8D-9C17-E0994A800458}.Release|x64.Build.0 = Release|Any CPU
		{C11288F5-1BE7-4B8D-9C17-E0994A800458}.Release|x86.ActiveCfg = Release|Any CPU
		{C11288F5-1BE7-4B8D-9C17-E0994A800458}.Release|x86.Build.0 = Release|Any CPU
		{9C9A6681-24AF-4E97-AC9C-7DE570AD0F4C}.Debug|Any CPU.ActiveCfg = Debug|Any CPU
		{9C9A6681-24AF-4E97-AC9C-7DE570AD0F4C}.Debug|Any CPU.Build.0 = Debug|Any CPU
		{9C9A6681-24AF-4E97-AC9C-7DE570AD0F4C}.Debug|x64.ActiveCfg = Debug|Any CPU
		{9C9A6681-24AF-4E97-AC9C-7DE570AD0F4C}.Debug|x64.Build.0 = Debug|Any CPU
		{9C9A6681-24AF-4E97-AC9C-7DE570AD0F4C}.Debug|x86.ActiveCfg = Debug|Any CPU
		{9C9A6681-24AF-4E97-AC9C-7DE570AD0F4C}.Debug|x86.Build.0 = Debug|Any CPU
		{9C9A6681-24AF-4E97-AC9C-7DE570AD0F4C}.Release|Any CPU.ActiveCfg = Release|Any CPU
		{9C9A6681-24AF-4E97-AC9C-7DE570AD0F4C}.Release|Any CPU.Build.0 = Release|Any CPU
		{9C9A6681-24AF-4E97-AC9C-7DE570AD0F4C}.Release|x64.ActiveCfg = Release|Any CPU
		{9C9A6681-24AF-4E97-AC9C-7DE570AD0F4C}.Release|x64.Build.0 = Release|Any CPU
		{9C9A6681-24AF-4E97-AC9C-7DE570AD0F4C}.Release|x86.ActiveCfg = Release|Any CPU
		{9C9A6681-24AF-4E97-AC9C-7DE570AD0F4C}.Release|x86.Build.0 = Release|Any CPU
	EndGlobalSection
	GlobalSection(SolutionProperties) = preSolution
		HideSolutionNode = FALSE
	EndGlobalSection
	GlobalSection(NestedProjects) = preSolution
		{F0FF9387-B92A-4B95-A2BD-3B7AB8455B71} = {827E0CD3-B72D-47B6-A68D-7590B98EB39B}
		{C11288F5-1BE7-4B8D-9C17-E0994A800458} = {827E0CD3-B72D-47B6-A68D-7590B98EB39B}
		{9C9A6681-24AF-4E97-AC9C-7DE570AD0F4C} = {827E0CD3-B72D-47B6-A68D-7590B98EB39B}
	EndGlobalSection
EndGlobal
